// !$*UTF8*$!
{
	archiveVersion = 1;
	classes = {
	};
	objectVersion = 50;
	objects = {

/* Begin PBXBuildFile section */
		176EC4FE2186FD21001BC3C2 /* AppDelegate.swift in Sources */ = {isa = PBXBuildFile; fileRef = 176EC4FD2186FD21001BC3C2 /* AppDelegate.swift */; };
		176EC5002186FD21001BC3C2 /* ViewController.swift in Sources */ = {isa = PBXBuildFile; fileRef = 176EC4FF2186FD21001BC3C2 /* ViewController.swift */; };
		176EC5032186FD21001BC3C2 /* Main.storyboard in Resources */ = {isa = PBXBuildFile; fileRef = 176EC5012186FD21001BC3C2 /* Main.storyboard */; };
		176EC5052186FD23001BC3C2 /* Assets.xcassets in Resources */ = {isa = PBXBuildFile; fileRef = 176EC5042186FD23001BC3C2 /* Assets.xcassets */; };
		176EC5082186FD23001BC3C2 /* LaunchScreen.storyboard in Resources */ = {isa = PBXBuildFile; fileRef = 176EC5062186FD23001BC3C2 /* LaunchScreen.storyboard */; };
		17CFE54021870ADB006E5063 /* TrendingTableViewCell.swift in Sources */ = {isa = PBXBuildFile; fileRef = 17CFE53E21870ADB006E5063 /* TrendingTableViewCell.swift */; };
		17CFE54121870ADB006E5063 /* TrendingTableViewCell.xib in Resources */ = {isa = PBXBuildFile; fileRef = 17CFE53F21870ADB006E5063 /* TrendingTableViewCell.xib */; };
		17CFE5432187143C006E5063 /* Trending.swift in Sources */ = {isa = PBXBuildFile; fileRef = 17CFE5422187143C006E5063 /* Trending.swift */; };
		17CFE54521871450006E5063 /* BuiltBy.swift in Sources */ = {isa = PBXBuildFile; fileRef = 17CFE54421871450006E5063 /* BuiltBy.swift */; };
		17CFE548218714A5006E5063 /* ApiEndpoints.swift in Sources */ = {isa = PBXBuildFile; fileRef = 17CFE547218714A5006E5063 /* ApiEndpoints.swift */; };
		17CFE54A218714B7006E5063 /* ApiService.swift in Sources */ = {isa = PBXBuildFile; fileRef = 17CFE549218714B7006E5063 /* ApiService.swift */; };
		17CFE54C218715BF006E5063 /* TrendingViewModel.swift in Sources */ = {isa = PBXBuildFile; fileRef = 17CFE54B218715BF006E5063 /* TrendingViewModel.swift */; };
		17CFE54E2187172F006E5063 /* TrendingItemViewModel.swift in Sources */ = {isa = PBXBuildFile; fileRef = 17CFE54D2187172F006E5063 /* TrendingItemViewModel.swift */; };
		17CFE5552187319D006E5063 /* BuiltByCollectionViewCell.swift in Sources */ = {isa = PBXBuildFile; fileRef = 17CFE5532187319D006E5063 /* BuiltByCollectionViewCell.swift */; };
		17CFE5562187319D006E5063 /* BuiltByCollectionViewCell.xib in Resources */ = {isa = PBXBuildFile; fileRef = 17CFE5542187319D006E5063 /* BuiltByCollectionViewCell.xib */; };
		17CFE559218734A5006E5063 /* SigninViewController.swift in Sources */ = {isa = PBXBuildFile; fileRef = 17CFE557218734A5006E5063 /* SigninViewController.swift */; };
		17CFE55A218734A5006E5063 /* SigninViewController.xib in Resources */ = {isa = PBXBuildFile; fileRef = 17CFE558218734A5006E5063 /* SigninViewController.xib */; };
		17CFE55C218734BD006E5063 /* SigninViewModel.swift in Sources */ = {isa = PBXBuildFile; fileRef = 17CFE55B218734BD006E5063 /* SigninViewModel.swift */; };
		A1445C01C57EB6B64E9A2196 /* Pods_GithubTestProject.framework in Frameworks */ = {isa = PBXBuildFile; fileRef = 66222C41F32FBD0968492DDB /* Pods_GithubTestProject.framework */; };
/* End PBXBuildFile section */

/* Begin PBXFileReference section */
		176EC4FA2186FD21001BC3C2 /* GithubTestProject.app */ = {isa = PBXFileReference; explicitFileType = wrapper.application; includeInIndex = 0; path = GithubTestProject.app; sourceTree = BUILT_PRODUCTS_DIR; };
		176EC4FD2186FD21001BC3C2 /* AppDelegate.swift */ = {isa = PBXFileReference; lastKnownFileType = sourcecode.swift; path = AppDelegate.swift; sourceTree = "<group>"; };
		176EC4FF2186FD21001BC3C2 /* ViewController.swift */ = {isa = PBXFileReference; lastKnownFileType = sourcecode.swift; path = ViewController.swift; sourceTree = "<group>"; };
		176EC5022186FD21001BC3C2 /* Base */ = {isa = PBXFileReference; lastKnownFileType = file.storyboard; name = Base; path = Base.lproj/Main.storyboard; sourceTree = "<group>"; };
		176EC5042186FD23001BC3C2 /* Assets.xcassets */ = {isa = PBXFileReference; lastKnownFileType = folder.assetcatalog; path = Assets.xcassets; sourceTree = "<group>"; };
		176EC5072186FD23001BC3C2 /* Base */ = {isa = PBXFileReference; lastKnownFileType = file.storyboard; name = Base; path = Base.lproj/LaunchScreen.storyboard; sourceTree = "<group>"; };
		176EC5092186FD23001BC3C2 /* Info.plist */ = {isa = PBXFileReference; lastKnownFileType = text.plist.xml; path = Info.plist; sourceTree = "<group>"; };
		17CFE53E21870ADB006E5063 /* TrendingTableViewCell.swift */ = {isa = PBXFileReference; lastKnownFileType = sourcecode.swift; path = TrendingTableViewCell.swift; sourceTree = "<group>"; };
		17CFE53F21870ADB006E5063 /* TrendingTableViewCell.xib */ = {isa = PBXFileReference; lastKnownFileType = file.xib; path = TrendingTableViewCell.xib; sourceTree = "<group>"; };
		17CFE5422187143C006E5063 /* Trending.swift */ = {isa = PBXFileReference; lastKnownFileType = sourcecode.swift; path = Trending.swift; sourceTree = "<group>"; };
		17CFE54421871450006E5063 /* BuiltBy.swift */ = {isa = PBXFileReference; lastKnownFileType = sourcecode.swift; path = BuiltBy.swift; sourceTree = "<group>"; };
		17CFE547218714A5006E5063 /* ApiEndpoints.swift */ = {isa = PBXFileReference; lastKnownFileType = sourcecode.swift; path = ApiEndpoints.swift; sourceTree = "<group>"; };
		17CFE549218714B7006E5063 /* ApiService.swift */ = {isa = PBXFileReference; lastKnownFileType = sourcecode.swift; path = ApiService.swift; sourceTree = "<group>"; };
		17CFE54B218715BF006E5063 /* TrendingViewModel.swift */ = {isa = PBXFileReference; lastKnownFileType = sourcecode.swift; path = TrendingViewModel.swift; sourceTree = "<group>"; };
		17CFE54D2187172F006E5063 /* TrendingItemViewModel.swift */ = {isa = PBXFileReference; lastKnownFileType = sourcecode.swift; path = TrendingItemViewModel.swift; sourceTree = "<group>"; };
		17CFE5532187319D006E5063 /* BuiltByCollectionViewCell.swift */ = {isa = PBXFileReference; lastKnownFileType = sourcecode.swift; path = BuiltByCollectionViewCell.swift; sourceTree = "<group>"; };
		17CFE5542187319D006E5063 /* BuiltByCollectionViewCell.xib */ = {isa = PBXFileReference; lastKnownFileType = file.xib; path = BuiltByCollectionViewCell.xib; sourceTree = "<group>"; };
		17CFE557218734A5006E5063 /* SigninViewController.swift */ = {isa = PBXFileReference; lastKnownFileType = sourcecode.swift; path = SigninViewController.swift; sourceTree = "<group>"; };
		17CFE558218734A5006E5063 /* SigninViewController.xib */ = {isa = PBXFileReference; lastKnownFileType = file.xib; path = SigninViewController.xib; sourceTree = "<group>"; };
		17CFE55B218734BD006E5063 /* SigninViewModel.swift */ = {isa = PBXFileReference; lastKnownFileType = sourcecode.swift; path = SigninViewModel.swift; sourceTree = "<group>"; };
		3F08E85A7F44441382D7AA98 /* Pods-GithubTestProject.debug.xcconfig */ = {isa = PBXFileReference; includeInIndex = 1; lastKnownFileType = text.xcconfig; name = "Pods-GithubTestProject.debug.xcconfig"; path = "Pods/Target Support Files/Pods-GithubTestProject/Pods-GithubTestProject.debug.xcconfig"; sourceTree = "<group>"; };
		66222C41F32FBD0968492DDB /* Pods_GithubTestProject.framework */ = {isa = PBXFileReference; explicitFileType = wrapper.framework; includeInIndex = 0; path = Pods_GithubTestProject.framework; sourceTree = BUILT_PRODUCTS_DIR; };
		BE0A9BE39555EF122E044427 /* Pods-GithubTestProject.release.xcconfig */ = {isa = PBXFileReference; includeInIndex = 1; lastKnownFileType = text.xcconfig; name = "Pods-GithubTestProject.release.xcconfig"; path = "Pods/Target Support Files/Pods-GithubTestProject/Pods-GithubTestProject.release.xcconfig"; sourceTree = "<group>"; };
/* End PBXFileReference section */

/* Begin PBXFrameworksBuildPhase section */
		176EC4F72186FD21001BC3C2 /* Frameworks */ = {
			isa = PBXFrameworksBuildPhase;
			buildActionMask = 2147483647;
			files = (
				A1445C01C57EB6B64E9A2196 /* Pods_GithubTestProject.framework in Frameworks */,
			);
			runOnlyForDeploymentPostprocessing = 0;
		};
/* End PBXFrameworksBuildPhase section */

/* Begin PBXGroup section */
		176EC4F12186FD21001BC3C2 = {
			isa = PBXGroup;
			children = (
				176EC4FC2186FD21001BC3C2 /* GithubTestProject */,
				176EC4FB2186FD21001BC3C2 /* Products */,
				F4E89C718AF31F5CD015A976 /* Pods */,
				462C88F5F278E699DD1F3E99 /* Frameworks */,
			);
			sourceTree = "<group>";
		};
		176EC4FB2186FD21001BC3C2 /* Products */ = {
			isa = PBXGroup;
			children = (
				176EC4FA2186FD21001BC3C2 /* GithubTestProject.app */,
			);
			name = Products;
			sourceTree = "<group>";
		};
		176EC4FC2186FD21001BC3C2 /* GithubTestProject */ = {
			isa = PBXGroup;
			children = (
				17CFE54621871495006E5063 /* API */,
				17CFE53D21870AB9006E5063 /* ViewModel */,
				17CFE53C21870AB2006E5063 /* Model */,
				17CFE53B21870AAB006E5063 /* View */,
				176EC4FD2186FD21001BC3C2 /* AppDelegate.swift */,
				176EC5042186FD23001BC3C2 /* Assets.xcassets */,
				176EC5062186FD23001BC3C2 /* LaunchScreen.storyboard */,
				176EC5092186FD23001BC3C2 /* Info.plist */,
			);
			path = GithubTestProject;
			sourceTree = "<group>";
		};
		17CFE53B21870AAB006E5063 /* View */ = {
			isa = PBXGroup;
			children = (
				17CFE53E21870ADB006E5063 /* TrendingTableViewCell.swift */,
				17CFE53F21870ADB006E5063 /* TrendingTableViewCell.xib */,
				176EC4FF2186FD21001BC3C2 /* ViewController.swift */,
				176EC5012186FD21001BC3C2 /* Main.storyboard */,
				17CFE5532187319D006E5063 /* BuiltByCollectionViewCell.swift */,
				17CFE5542187319D006E5063 /* BuiltByCollectionViewCell.xib */,
				17CFE557218734A5006E5063 /* SigninViewController.swift */,
				17CFE558218734A5006E5063 /* SigninViewController.xib */,
			);
			path = View;
			sourceTree = "<group>";
		};
		17CFE53C21870AB2006E5063 /* Model */ = {
			isa = PBXGroup;
			children = (
				17CFE5422187143C006E5063 /* Trending.swift */,
				17CFE54421871450006E5063 /* BuiltBy.swift */,
			);
			path = Model;
			sourceTree = "<group>";
		};
		17CFE53D21870AB9006E5063 /* ViewModel */ = {
			isa = PBXGroup;
			children = (
				17CFE54B218715BF006E5063 /* TrendingViewModel.swift */,
				17CFE54D2187172F006E5063 /* TrendingItemViewModel.swift */,
				17CFE55B218734BD006E5063 /* SigninViewModel.swift */,
			);
			path = ViewModel;
			sourceTree = "<group>";
		};
		17CFE54621871495006E5063 /* API */ = {
			isa = PBXGroup;
			children = (
				17CFE547218714A5006E5063 /* ApiEndpoints.swift */,
				17CFE549218714B7006E5063 /* ApiService.swift */,
			);
			path = API;
			sourceTree = "<group>";
		};
		462C88F5F278E699DD1F3E99 /* Frameworks */ = {
			isa = PBXGroup;
			children = (
				66222C41F32FBD0968492DDB /* Pods_GithubTestProject.framework */,
			);
			name = Frameworks;
			sourceTree = "<group>";
		};
		F4E89C718AF31F5CD015A976 /* Pods */ = {
			isa = PBXGroup;
			children = (
				3F08E85A7F44441382D7AA98 /* Pods-GithubTestProject.debug.xcconfig */,
				BE0A9BE39555EF122E044427 /* Pods-GithubTestProject.release.xcconfig */,
			);
			name = Pods;
			sourceTree = "<group>";
		};
/* End PBXGroup section */

/* Begin PBXNativeTarget section */
		176EC4F92186FD21001BC3C2 /* GithubTestProject */ = {
			isa = PBXNativeTarget;
			buildConfigurationList = 176EC50C2186FD23001BC3C2 /* Build configuration list for PBXNativeTarget "GithubTestProject" */;
			buildPhases = (
				BD7DCF2D4440F9470DECA8E2 /* [CP] Check Pods Manifest.lock */,
				176EC4F62186FD21001BC3C2 /* Sources */,
				176EC4F72186FD21001BC3C2 /* Frameworks */,
				176EC4F82186FD21001BC3C2 /* Resources */,
				8C6065894B9F095608C85DE1 /* [CP] Embed Pods Frameworks */,
			);
			buildRules = (
			);
			dependencies = (
			);
			name = GithubTestProject;
			productName = GithubTestProject;
			productReference = 176EC4FA2186FD21001BC3C2 /* GithubTestProject.app */;
			productType = "com.apple.product-type.application";
		};
/* End PBXNativeTarget section */

/* Begin PBXProject section */
		176EC4F22186FD21001BC3C2 /* Project object */ = {
			isa = PBXProject;
			attributes = {
				LastSwiftUpdateCheck = 1000;
				LastUpgradeCheck = 1000;
				ORGANIZATIONNAME = "Shohan Rahman";
				TargetAttributes = {
					176EC4F92186FD21001BC3C2 = {
						CreatedOnToolsVersion = 10.0;
					};
				};
			};
			buildConfigurationList = 176EC4F52186FD21001BC3C2 /* Build configuration list for PBXProject "GithubTestProject" */;
			compatibilityVersion = "Xcode 9.3";
			developmentRegion = en;
			hasScannedForEncodings = 0;
			knownRegions = (
				en,
				Base,
			);
			mainGroup = 176EC4F12186FD21001BC3C2;
			productRefGroup = 176EC4FB2186FD21001BC3C2 /* Products */;
			projectDirPath = "";
			projectRoot = "";
			targets = (
				176EC4F92186FD21001BC3C2 /* GithubTestProject */,
			);
		};
/* End PBXProject section */

/* Begin PBXResourcesBuildPhase section */
		176EC4F82186FD21001BC3C2 /* Resources */ = {
			isa = PBXResourcesBuildPhase;
			buildActionMask = 2147483647;
			files = (
				17CFE55A218734A5006E5063 /* SigninViewController.xib in Resources */,
				17CFE54121870ADB006E5063 /* TrendingTableViewCell.xib in Resources */,
				17CFE5562187319D006E5063 /* BuiltByCollectionViewCell.xib in Resources */,
				176EC5082186FD23001BC3C2 /* LaunchScreen.storyboard in Resources */,
				176EC5052186FD23001BC3C2 /* Assets.xcassets in Resources */,
				176EC5032186FD21001BC3C2 /* Main.storyboard in Resources */,
			);
			runOnlyForDeploymentPostprocessing = 0;
		};
/* End PBXResourcesBuildPhase section */

/* Begin PBXShellScriptBuildPhase section */
		8C6065894B9F095608C85DE1 /* [CP] Embed Pods Frameworks */ = {
			isa = PBXShellScriptBuildPhase;
			buildActionMask = 2147483647;
			files = (
			);
			inputPaths = (
				"${SRCROOT}/Pods/Target Support Files/Pods-GithubTestProject/Pods-GithubTestProject-frameworks.sh",
				"${BUILT_PRODUCTS_DIR}/Alamofire/Alamofire.framework",
				"${BUILT_PRODUCTS_DIR}/IQKeyboardManagerSwift/IQKeyboardManagerSwift.framework",
				"${BUILT_PRODUCTS_DIR}/Kingfisher/Kingfisher.framework",
				"${BUILT_PRODUCTS_DIR}/ObjectMapper/ObjectMapper.framework",
				"${BUILT_PRODUCTS_DIR}/RxCocoa/RxCocoa.framework",
				"${BUILT_PRODUCTS_DIR}/RxSwift/RxSwift.framework",
				"${BUILT_PRODUCTS_DIR}/SVProgressHUD/SVProgressHUD.framework",
			);
			name = "[CP] Embed Pods Frameworks";
			outputPaths = (
				"${TARGET_BUILD_DIR}/${FRAMEWORKS_FOLDER_PATH}/Alamofire.framework",
				"${TARGET_BUILD_DIR}/${FRAMEWORKS_FOLDER_PATH}/IQKeyboardManagerSwift.framework",
				"${TARGET_BUILD_DIR}/${FRAMEWORKS_FOLDER_PATH}/Kingfisher.framework",
				"${TARGET_BUILD_DIR}/${FRAMEWORKS_FOLDER_PATH}/ObjectMapper.framework",
				"${TARGET_BUILD_DIR}/${FRAMEWORKS_FOLDER_PATH}/RxCocoa.framework",
				"${TARGET_BUILD_DIR}/${FRAMEWORKS_FOLDER_PATH}/RxSwift.framework",
				"${TARGET_BUILD_DIR}/${FRAMEWORKS_FOLDER_PATH}/SVProgressHUD.framework",
			);
			runOnlyForDeploymentPostprocessing = 0;
			shellPath = /bin/sh;
			shellScript = "\"${SRCROOT}/Pods/Target Support Files/Pods-GithubTestProject/Pods-GithubTestProject-frameworks.sh\"\n";
			showEnvVarsInLog = 0;
		};
		BD7DCF2D4440F9470DECA8E2 /* [CP] Check Pods Manifest.lock */ = {
			isa = PBXShellScriptBuildPhase;
			buildActionMask = 2147483647;
			files = (
			);
			inputPaths = (
				"${PODS_PODFILE_DIR_PATH}/Podfile.lock",
				"${PODS_ROOT}/Manifest.lock",
			);
			name = "[CP] Check Pods Manifest.lock";
			outputPaths = (
				"$(DERIVED_FILE_DIR)/Pods-GithubTestProject-checkManifestLockResult.txt",
			);
			runOnlyForDeploymentPostprocessing = 0;
			shellPath = /bin/sh;
			shellScript = "diff \"${PODS_PODFILE_DIR_PATH}/Podfile.lock\" \"${PODS_ROOT}/Manifest.lock\" > /dev/null\nif [ $? != 0 ] ; then\n    # print error to STDERR\n    echo \"error: The sandbox is not in sync with the Podfile.lock. Run 'pod install' or update your CocoaPods installation.\" >&2\n    exit 1\nfi\n# This output is used by Xcode 'outputs' to avoid re-running this script phase.\necho \"SUCCESS\" > \"${SCRIPT_OUTPUT_FILE_0}\"\n";
			showEnvVarsInLog = 0;
		};
/* End PBXShellScriptBuildPhase section */

/* Begin PBXSourcesBuildPhase section */
		176EC4F62186FD21001BC3C2 /* Sources */ = {
			isa = PBXSourcesBuildPhase;
			buildActionMask = 2147483647;
			files = (
				17CFE55C218734BD006E5063 /* SigninViewModel.swift in Sources */,
				17CFE5552187319D006E5063 /* BuiltByCollectionViewCell.swift in Sources */,
				17CFE5432187143C006E5063 /* Trending.swift in Sources */,
				17CFE559218734A5006E5063 /* SigninViewController.swift in Sources */,
				17CFE54C218715BF006E5063 /* TrendingViewModel.swift in Sources */,
				17CFE548218714A5006E5063 /* ApiEndpoints.swift in Sources */,
				176EC5002186FD21001BC3C2 /* ViewController.swift in Sources */,
				176EC4FE2186FD21001BC3C2 /* AppDelegate.swift in Sources */,
				17CFE54E2187172F006E5063 /* TrendingItemViewModel.swift in Sources */,
				17CFE54021870ADB006E5063 /* TrendingTableViewCell.swift in Sources */,
				17CFE54A218714B7006E5063 /* ApiService.swift in Sources */,
				17CFE54521871450006E5063 /* BuiltBy.swift in Sources */,
			);
			runOnlyForDeploymentPostprocessing = 0;
		};
/* End PBXSourcesBuildPhase section */

/* Begin PBXVariantGroup section */
		176EC5012186FD21001BC3C2 /* Main.storyboard */ = {
			isa = PBXVariantGroup;
			children = (
				176EC5022186FD21001BC3C2 /* Base */,
			);
			name = Main.storyboard;
			sourceTree = "<group>";
		};
		176EC5062186FD23001BC3C2 /* LaunchScreen.storyboard */ = {
			isa = PBXVariantGroup;
			children = (
				176EC5072186FD23001BC3C2 /* Base */,
			);
			name = LaunchScreen.storyboard;
			sourceTree = "<group>";
		};
/* End PBXVariantGroup section */

/* Begin XCBuildConfiguration section */
		176EC50A2186FD23001BC3C2 /* Debug */ = {
			isa = XCBuildConfiguration;
			buildSettings = {
				ALWAYS_SEARCH_USER_PATHS = NO;
				CLANG_ANALYZER_NONNULL = YES;
				CLANG_ANALYZER_NUMBER_OBJECT_CONVERSION = YES_AGGRESSIVE;
				CLANG_CXX_LANGUAGE_STANDARD = "gnu++14";
				CLANG_CXX_LIBRARY = "libc++";
				CLANG_ENABLE_MODULES = YES;
				CLANG_ENABLE_OBJC_ARC = YES;
				CLANG_ENABLE_OBJC_WEAK = YES;
				CLANG_WARN_BLOCK_CAPTURE_AUTORELEASING = YES;
				CLANG_WARN_BOOL_CONVERSION = YES;
				CLANG_WARN_COMMA = YES;
				CLANG_WARN_CONSTANT_CONVERSION = YES;
				CLANG_WARN_DEPRECATED_OBJC_IMPLEMENTATIONS = YES;
				CLANG_WARN_DIRECT_OBJC_ISA_USAGE = YES_ERROR;
				CLANG_WARN_DOCUMENTATION_COMMENTS = YES;
				CLANG_WARN_EMPTY_BODY = YES;
				CLANG_WARN_ENUM_CONVERSION = YES;
				CLANG_WARN_INFINITE_RECURSION = YES;
				CLANG_WARN_INT_CONVERSION = YES;
				CLANG_WARN_NON_LITERAL_NULL_CONVERSION = YES;
				CLANG_WARN_OBJC_IMPLICIT_RETAIN_SELF = YES;
				CLANG_WARN_OBJC_LITERAL_CONVERSION = YES;
				CLANG_WARN_OBJC_ROOT_CLASS = YES_ERROR;
				CLANG_WARN_RANGE_LOOP_ANALYSIS = YES;
				CLANG_WARN_STRICT_PROTOTYPES = YES;
				CLANG_WARN_SUSPICIOUS_MOVE = YES;
				CLANG_WARN_UNGUARDED_AVAILABILITY = YES_AGGRESSIVE;
				CLANG_WARN_UNREACHABLE_CODE = YES;
				CLANG_WARN__DUPLICATE_METHOD_MATCH = YES;
				CODE_SIGN_IDENTITY = "iPhone Developer";
				COPY_PHASE_STRIP = NO;
				DEBUG_INFORMATION_FORMAT = dwarf;
				ENABLE_STRICT_OBJC_MSGSEND = YES;
				ENABLE_TESTABILITY = YES;
				GCC_C_LANGUAGE_STANDARD = gnu11;
				GCC_DYNAMIC_NO_PIC = NO;
				GCC_NO_COMMON_BLOCKS = YES;
				GCC_OPTIMIZATION_LEVEL = 0;
				GCC_PREPROCESSOR_DEFINITIONS = (
					"DEBUG=1",
					"$(inherited)",
				);
				GCC_WARN_64_TO_32_BIT_CONVERSION = YES;
				GCC_WARN_ABOUT_RETURN_TYPE = YES_ERROR;
				GCC_WARN_UNDECLARED_SELECTOR = YES;
				GCC_WARN_UNINITIALIZED_AUTOS = YES_AGGRESSIVE;
				GCC_WARN_UNUSED_FUNCTION = YES;
				GCC_WARN_UNUSED_VARIABLE = YES;
				IPHONEOS_DEPLOYMENT_TARGET = 12.0;
				MTL_ENABLE_DEBUG_INFO = INCLUDE_SOURCE;
				MTL_FAST_MATH = YES;
				ONLY_ACTIVE_ARCH = YES;
				SDKROOT = iphoneos;
				SWIFT_ACTIVE_COMPILATION_CONDITIONS = DEBUG;
				SWIFT_OPTIMIZATION_LEVEL = "-Onone";
			};
			name = Debug;
		};
		176EC50B2186FD23001BC3C2 /* Release */ = {
			isa = XCBuildConfiguration;
			buildSettings = {
				ALWAYS_SEARCH_USER_PATHS = NO;
				CLANG_ANALYZER_NONNULL = YES;
				CLANG_ANALYZER_NUMBER_OBJECT_CONVERSION = YES_AGGRESSIVE;
				CLANG_CXX_LANGUAGE_STANDARD = "gnu++14";
				CLANG_CXX_LIBRARY = "libc++";
				CLANG_ENABLE_MODULES = YES;
				CLANG_ENABLE_OBJC_ARC = YES;
				CLANG_ENABLE_OBJC_WEAK = YES;
				CLANG_WARN_BLOCK_CAPTURE_AUTORELEASING = YES;
				CLANG_WARN_BOOL_CONVERSION = YES;
				CLANG_WARN_COMMA = YES;
				CLANG_WARN_CONSTANT_CONVERSION = YES;
				CLANG_WARN_DEPRECATED_OBJC_IMPLEMENTATIONS = YES;
				CLANG_WARN_DIRECT_OBJC_ISA_USAGE = YES_ERROR;
				CLANG_WARN_DOCUMENTATION_COMMENTS = YES;
				CLANG_WARN_EMPTY_BODY = YES;
				CLANG_WARN_ENUM_CONVERSION = YES;
				CLANG_WARN_INFINITE_RECURSION = YES;
				CLANG_WARN_INT_CONVERSION = YES;
				CLANG_WARN_NON_LITERAL_NULL_CONVERSION = YES;
				CLANG_WARN_OBJC_IMPLICIT_RETAIN_SELF = YES;
				CLANG_WARN_OBJC_LITERAL_CONVERSION = YES;
				CLANG_WARN_OBJC_ROOT_CLASS = YES_ERROR;
				CLANG_WARN_RANGE_LOOP_ANALYSIS = YES;
				CLANG_WARN_STRICT_PROTOTYPES = YES;
				CLANG_WARN_SUSPICIOUS_MOVE = YES;
				CLANG_WARN_UNGUARDED_AVAILABILITY = YES_AGGRESSIVE;
				CLANG_WARN_UNREACHABLE_CODE = YES;
				CLANG_WARN__DUPLICATE_METHOD_MATCH = YES;
				CODE_SIGN_IDENTITY = "iPhone Developer";
				COPY_PHASE_STRIP = NO;
				DEBUG_INFORMATION_FORMAT = "dwarf-with-dsym";
				ENABLE_NS_ASSERTIONS = NO;
				ENABLE_STRICT_OBJC_MSGSEND = YES;
				GCC_C_LANGUAGE_STANDARD = gnu11;
				GCC_NO_COMMON_BLOCKS = YES;
				GCC_WARN_64_TO_32_BIT_CONVERSION = YES;
				GCC_WARN_ABOUT_RETURN_TYPE = YES_ERROR;
				GCC_WARN_UNDECLARED_SELECTOR = YES;
				GCC_WARN_UNINITIALIZED_AUTOS = YES_AGGRESSIVE;
				GCC_WARN_UNUSED_FUNCTION = YES;
				GCC_WARN_UNUSED_VARIABLE = YES;
				IPHONEOS_DEPLOYMENT_TARGET = 12.0;
				MTL_ENABLE_DEBUG_INFO = NO;
				MTL_FAST_MATH = YES;
				SDKROOT = iphoneos;
				SWIFT_COMPILATION_MODE = wholemodule;
				SWIFT_OPTIMIZATION_LEVEL = "-O";
				VALIDATE_PRODUCT = YES;
			};
			name = Release;
		};
		176EC50D2186FD23001BC3C2 /* Debug */ = {
			isa = XCBuildConfiguration;
			baseConfigurationReference = 3F08E85A7F44441382D7AA98 /* Pods-GithubTestProject.debug.xcconfig */;
			buildSettings = {
				ASSETCATALOG_COMPILER_APPICON_NAME = AppIcon;
				CODE_SIGN_STYLE = Automatic;
				DEVELOPMENT_TEAM = 6468543743;
				INFOPLIST_FILE = GithubTestProject/Info.plist;
				LD_RUNPATH_SEARCH_PATHS = (
					"$(inherited)",
					"@executable_path/Frameworks",
				);
				PRODUCT_BUNDLE_IDENTIFIER = velometric.GithubTestProject;
				PRODUCT_NAME = "$(TARGET_NAME)";
				SWIFT_VERSION = 4.2;
				TARGETED_DEVICE_FAMILY = "1,2";
			};
			name = Debug;
		};
		176EC50E2186FD23001BC3C2 /* Release */ = {
			isa = XCBuildConfiguration;
			baseConfigurationReference = BE0A9BE39555EF122E044427 /* Pods-GithubTestProject.release.xcconfig */;
			buildSettings = {
				ASSETCATALOG_COMPILER_APPICON_NAME = AppIcon;
				CODE_SIGN_STYLE = Automatic;
				DEVELOPMENT_TEAM = 6468543743;
				INFOPLIST_FILE = GithubTestProject/Info.plist;
				LD_RUNPATH_SEARCH_PATHS = (
					"$(inherited)",
					"@executable_path/Frameworks",
				);
				PRODUCT_BUNDLE_IDENTIFIER = velometric.GithubTestProject;
				PRODUCT_NAME = "$(TARGET_NAME)";
				SWIFT_VERSION = 4.2;
				TARGETED_DEVICE_FAMILY = "1,2";
			};
			name = Release;
		};
/* End XCBuildConfiguration section */

/* Begin XCConfigurationList section */
		176EC4F52186FD21001BC3C2 /* Build configuration list for PBXProject "GithubTestProject" */ = {
			isa = XCConfigurationList;
			buildConfigurations = (
				176EC50A2186FD23001BC3C2 /* Debug */,
				176EC50B2186FD23001BC3C2 /* Release */,
			);
			defaultConfigurationIsVisible = 0;
			defaultConfigurationName = Release;
		};
		176EC50C2186FD23001BC3C2 /* Build configuration list for PBXNativeTarget "GithubTestProject" */ = {
			isa = XCConfigurationList;
			buildConfigurations = (
				176EC50D2186FD23001BC3C2 /* Debug */,
				176EC50E2186FD23001BC3C2 /* Release */,
			);
			defaultConfigurationIsVisible = 0;
			defaultConfigurationName = Release;
		};
/* End XCConfigurationList section */
	};
	rootObject = 176EC4F22186FD21001BC3C2 /* Project object */;
}
